
Microsoft Visual Studio Solution File, Format Version 10.00
# Visual Studio 2008
Project("{8BC9CEB8-8B4A-11D0-8D11-00A0C91BC942}") = "foo_unpack_7z_dll", "foo_unpack_7z_dll.vcproj", "{F90D3BA3-B27B-4DFA-AD8A-83CAA7C2A304}"
	ProjectSection(ProjectDependencies) = postProject
		{622E8B19-8109-4717-BD4D-9657AA78363E} = {622E8B19-8109-4717-BD4D-9657AA78363E}
		{E8091321-D79D-4575-86EF-064EA1A4A20D} = {E8091321-D79D-4575-86EF-064EA1A4A20D}
		{EE47764E-A202-4F85-A767-ABDAB4AFF35F} = {EE47764E-A202-4F85-A767-ABDAB4AFF35F}
		{EBFFFB4E-261D-44D3-B89C-957B31A0BF9C} = {EBFFFB4E-261D-44D3-B89C-957B31A0BF9C}
		{71AD2674-065B-48F5-B8B0-E1F9D3892081} = {71AD2674-065B-48F5-B8B0-E1F9D3892081}
	EndProjectSection
EndProject
Project("{8BC9CEB8-8B4A-11D0-8D11-00A0C91BC942}") = "foobar2000_component_client", "%FB2KSDK%\foobar2000\foobar2000_component_client\foobar2000_component_client.vcproj", "{71AD2674-065B-48F5-B8B0-E1F9D3892081}"
EndProject
Project("{8BC9CEB8-8B4A-11D0-8D11-00A0C91BC942}") = "pfc", "%FB2KSDK%\pfc\pfc.vcproj", "{EBFFFB4E-261D-44D3-B89C-957B31A0BF9C}"
EndProject
Project("{8BC9CEB8-8B4A-11D0-8D11-00A0C91BC942}") = "foobar2000_sdk_helpers", "%FB2KSDK%\foobar2000\helpers\foobar2000_sdk_helpers.vcproj", "{EE47764E-A202-4F85-A767-ABDAB4AFF35F}"
EndProject
Project("{8BC9CEB8-8B4A-11D0-8D11-00A0C91BC942}") = "foobar2000_SDK", "%FB2KSDK%\foobar2000\SDK\foobar2000_SDK.vcproj", "{E8091321-D79D-4575-86EF-064EA1A4A20D}"
EndProject
Project("{8BC9CEB8-8B4A-11D0-8D11-00A0C91BC942}") = "foobar2000_ATL_helpers", "%FB2KSDK%\foobar2000\ATLHelpers\foobar2000_ATL_helpers.vcproj", "{622E8B19-8109-4717-BD4D-9657AA78363E}"
EndProject
Project("{2150E333-8FDC-42A3-9474-1A3956D46DE8}") = "Foobar2000 SDK", "Foobar2000 SDK", "{A8E887DA-8377-42A8-BB89-E17375710855}"
EndProject
Global
	GlobalSection(SolutionConfigurationPlatforms) = preSolution
		Debug|Win32 = Debug|Win32
		Release|Win32 = Release|Win32
	EndGlobalSection
	GlobalSection(ProjectConfigurationPlatforms) = postSolution
		{F90D3BA3-B27B-4DFA-AD8A-83CAA7C2A304}.Debug|Win32.ActiveCfg = Debug|Win32
		{F90D3BA3-B27B-4DFA-AD8A-83CAA7C2A304}.Debug|Win32.Build.0 = Debug|Win32
		{F90D3BA3-B27B-4DFA-AD8A-83CAA7C2A304}.Release|Win32.ActiveCfg = Release|Win32
		{F90D3BA3-B27B-4DFA-AD8A-83CAA7C2A304}.Release|Win32.Build.0 = Release|Win32
		{71AD2674-065B-48F5-B8B0-E1F9D3892081}.Debug|Win32.ActiveCfg = Debug|Win32
		{71AD2674-065B-48F5-B8B0-E1F9D3892081}.Debug|Win32.Build.0 = Debug|Win32
		{71AD2674-065B-48F5-B8B0-E1F9D3892081}.Release|Win32.ActiveCfg = Release|Win32
		{71AD2674-065B-48F5-B8B0-E1F9D3892081}.Release|Win32.Build.0 = Release|Win32
		{EBFFFB4E-261D-44D3-B89C-957B31A0BF9C}.Debug|Win32.ActiveCfg = Debug|Win32
		{EBFFFB4E-261D-44D3-B89C-957B31A0BF9C}.Debug|Win32.Build.0 = Debug|Win32
		{EBFFFB4E-261D-44D3-B89C-957B31A0BF9C}.Release|Win32.ActiveCfg = Release|Win32
		{EBFFFB4E-261D-44D3-B89C-957B31A0BF9C}.Release|Win32.Build.0 = Release|Win32
		{EE47764E-A202-4F85-A767-ABDAB4AFF35F}.Debug|Win32.ActiveCfg = Debug|Win32
		{EE47764E-A202-4F85-A767-ABDAB4AFF35F}.Debug|Win32.Build.0 = Debug|Win32
		{EE47764E-A202-4F85-A767-ABDAB4AFF35F}.Release|Win32.ActiveCfg = Release|Win32
		{EE47764E-A202-4F85-A767-ABDAB4AFF35F}.Release|Win32.Build.0 = Release|Win32
		{E8091321-D79D-4575-86EF-064EA1A4A20D}.Debug|Win32.ActiveCfg = Debug|Win32
		{E8091321-D79D-4575-86EF-064EA1A4A20D}.Debug|Win32.Build.0 = Debug|Win32
		{E8091321-D79D-4575-86EF-064EA1A4A20D}.Release|Win32.ActiveCfg = Release|Win32
		{E8091321-D79D-4575-86EF-064EA1A4A20D}.Release|Win32.Build.0 = Release|Win32
		{622E8B19-8109-4717-BD4D-9657AA78363E}.Debug|Win32.ActiveCfg = Debug|Win32
		{622E8B19-8109-4717-BD4D-9657AA78363E}.Debug|Win32.Build.0 = Debug|Win32
		{622E8B19-8109-4717-BD4D-9657AA78363E}.Release|Win32.ActiveCfg = Release|Win32
		{622E8B19-8109-4717-BD4D-9657AA78363E}.Release|Win32.Build.0 = Release|Win32
	EndGlobalSection
	GlobalSection(SolutionProperties) = preSolution
		HideSolutionNode = FALSE
	EndGlobalSection
	GlobalSection(NestedProjects) = preSolution
		{622E8B19-8109-4717-BD4D-9657AA78363E} = {A8E887DA-8377-42A8-BB89-E17375710855}
		{71AD2674-065B-48F5-B8B0-E1F9D3892081} = {A8E887DA-8377-42A8-BB89-E17375710855}
		{E8091321-D79D-4575-86EF-064EA1A4A20D} = {A8E887DA-8377-42A8-BB89-E17375710855}
		{EE47764E-A202-4F85-A767-ABDAB4AFF35F} = {A8E887DA-8377-42A8-BB89-E17375710855}
		{EBFFFB4E-261D-44D3-B89C-957B31A0BF9C} = {A8E887DA-8377-42A8-BB89-E17375710855}
	EndGlobalSection
EndGlobal
